// !$*UTF8*$!
{
	archiveVersion = 1;
	classes = {
	};
	objectVersion = 46;
	objects = {

/* Begin PBXBuildFile section */
		FFAB649A1D42274F00EFD0D8 /* AppDelegate.swift in Sources */ = {isa = PBXBuildFile; fileRef = FFAB64991D42274F00EFD0D8 /* AppDelegate.swift */; };
		FFAB649C1D42274F00EFD0D8 /* ViewController.swift in Sources */ = {isa = PBXBuildFile; fileRef = FFAB649B1D42274F00EFD0D8 /* ViewController.swift */; };
		FFAB649F1D42274F00EFD0D8 /* Main.storyboard in Resources */ = {isa = PBXBuildFile; fileRef = FFAB649D1D42274F00EFD0D8 /* Main.storyboard */; };
		FFAB64A11D42274F00EFD0D8 /* Assets.xcassets in Resources */ = {isa = PBXBuildFile; fileRef = FFAB64A01D42274F00EFD0D8 /* Assets.xcassets */; };
		FFAB64A41D42274F00EFD0D8 /* LaunchScreen.storyboard in Resources */ = {isa = PBXBuildFile; fileRef = FFAB64A21D42274F00EFD0D8 /* LaunchScreen.storyboard */; };
/* End PBXBuildFile section */

/* Begin PBXFileReference section */
		FFAB64961D42274F00EFD0D8 /* showhide.app */ = {isa = PBXFileReference; explicitFileType = wrapper.application; includeInIndex = 0; path = showhide.app; sourceTree = BUILT_PRODUCTS_DIR; };
		FFAB64991D42274F00EFD0D8 /* AppDelegate.swift */ = {isa = PBXFileReference; lastKnownFileType = sourcecode.swift; path = AppDelegate.swift; sourceTree = "<group>"; };
		FFAB649B1D42274F00EFD0D8 /* ViewController.swift */ = {isa = PBXFileReference; lastKnownFileType = sourcecode.swift; path = ViewController.swift; sourceTree = "<group>"; };
		FFAB649E1D42274F00EFD0D8 /* Base */ = {isa = PBXFileReference; lastKnownFileType = file.storyboard; name = Base; path = Base.lproj/Main.storyboard; sourceTree = "<group>"; };
		FFAB64A01D42274F00EFD0D8 /* Assets.xcassets */ = {isa = PBXFileReference; lastKnownFileType = folder.assetcatalog; path = Assets.xcassets; sourceTree = "<group>"; };
		FFAB64A31D42274F00EFD0D8 /* Base */ = {isa = PBXFileReference; lastKnownFileType = file.storyboard; name = Base; path = Base.lproj/LaunchScreen.storyboard; sourceTree = "<group>"; };
		FFAB64A51D42274F00EFD0D8 /* Info.plist */ = {isa = PBXFileReference; lastKnownFileType = text.plist.xml; path = Info.plist; sourceTree = "<group>"; };
/* End PBXFileReference section */

/* Begin PBXFrameworksBuildPhase section */
		FFAB64931D42274F00EFD0D8 /* Frameworks */ = {
			isa = PBXFrameworksBuildPhase;
			buildActionMask = 2147483647;
			files = (
			);
			runOnlyForDeploymentPostprocessing = 0;
		};
/* End PBXFrameworksBuildPhase section */

/* Begin PBXGroup section */
		FFAB648D1D42274F00EFD0D8 = {
			isa = PBXGroup;
			children = (
				FFAB64981D42274F00EFD0D8 /* showhide */,
				FFAB64971D42274F00EFD0D8 /* Products */,
			);
			sourceTree = "<group>";
		};
		FFAB64971D42274F00EFD0D8 /* Products */ = {
			isa = PBXGroup;
			children = (
				FFAB64961D42274F00EFD0D8 /* showhide.app */,
			);
			name = Products;
			sourceTree = "<group>";
		};
		FFAB64981D42274F00EFD0D8 /* showhide */ = {
			isa = PBXGroup;
			children = (
				FFAB64991D42274F00EFD0D8 /* AppDelegate.swift */,
				FFAB649B1D42274F00EFD0D8 /* ViewController.swift */,
				FFAB649D1D42274F00EFD0D8 /* Main.storyboard */,
				FFAB64A01D42274F00EFD0D8 /* Assets.xcassets */,
				FFAB64A21D42274F00EFD0D8 /* LaunchScreen.storyboard */,
				FFAB64A51D42274F00EFD0D8 /* Info.plist */,
			);
			path = showhide;
			sourceTree = "<group>";
		};
/* End PBXGroup section */

/* Begin PBXNativeTarget section */
		FFAB64951D42274F00EFD0D8 /* showhide */ = {
			isa = PBXNativeTarget;
			buildConfigurationList = FFAB64A81D42274F00EFD0D8 /* Build configuration list for PBXNativeTarget "showhide" */;
			buildPhases = (
				FFAB64921D42274F00EFD0D8 /* Sources */,
				FFAB64931D42274F00EFD0D8 /* Frameworks */,
				FFAB64941D42274F00EFD0D8 /* Resources */,
			);
			buildRules = (
			);
			dependencies = (
			);
			name = showhide;
			productName = showhide;
			productReference = FFAB64961D42274F00EFD0D8 /* showhide.app */;
			productType = "com.apple.product-type.application";
		};
/* End PBXNativeTarget section */

/* Begin PBXProject section */
		FFAB648E1D42274F00EFD0D8 /* Project object */ = {
			isa = PBXProject;
			attributes = {
				LastSwiftUpdateCheck = 0800;
				LastUpgradeCheck = 0810;
				ORGANIZATIONNAME = "yoshiyuki oshige";
				TargetAttributes = {
					FFAB64951D42274F00EFD0D8 = {
						CreatedOnToolsVersion = 8.0;
						DevelopmentTeam = EV28Y3W68P;
						DevelopmentTeamName = "Yoshiyuki Oshige";
						ProvisioningStyle = Automatic;
					};
				};
			};
			buildConfigurationList = FFAB64911D42274F00EFD0D8 /* Build configuration list for PBXProject "showhide" */;
			compatibilityVersion = "Xcode 3.2";
			developmentRegion = English;
			hasScannedForEncodings = 0;
			knownRegions = (
				en,
				Base,
			);
			mainGroup = FFAB648D1D42274F00EFD0D8;
			productRefGroup = FFAB64971D42274F00EFD0D8 /* Products */;
			projectDirPath = "";
			projectRoot = "";
			targets = (
				FFAB64951D42274F00EFD0D8 /* showhide */,
			);
		};
/* End PBXProject section */

/* Begin PBXResourcesBuildPhase section */
		FFAB64941D42274F00EFD0D8 /* Resources */ = {
			isa = PBXResourcesBuildPhase;
			buildActionMask = 2147483647;
			files = (
				FFAB64A41D42274F00EFD0D8 /* LaunchScreen.storyboard in Resources */,
				FFAB64A11D42274F00EFD0D8 /* Assets.xcassets in Resources */,
				FFAB649F1D42274F00EFD0D8 /* Main.storyboard in Resources */,
			);
			runOnlyForDeploymentPostprocessing = 0;
		};
/* End PBXResourcesBuildPhase section */

/* Begin PBXSourcesBuildPhase section */
		FFAB64921D42274F00EFD0D8 /* Sources */ = {
			isa = PBXSourcesBuildPhase;
			buildActionMask = 2147483647;
			files = (
				FFAB649C1D42274F00EFD0D8 /* ViewController.swift in Sources */,
				FFAB649A1D42274F00EFD0D8 /* AppDelegate.swift in Sources */,
			);
			runOnlyForDeploymentPostprocessing = 0;
		};
/* End PBXSourcesBuildPhase section */

/* Begin PBXVariantGroup section */
		FFAB649D1D42274F00EFD0D8 /* Main.storyboard */ = {
			isa = PBXVariantGroup;
			children = (
				FFAB649E1D42274F00EFD0D8 /* Base */,
			);
			name = Main.storyboard;
			sourceTree = "<group>";
		};
		FFAB64A21D42274F00EFD0D8 /* LaunchScreen.storyboard */ = {
			isa = PBXVariantGroup;
			children = (
				FFAB64A31D42274F00EFD0D8 /* Base */,
			);
			name = LaunchScreen.storyboard;
			sourceTree = "<group>";
		};
/* End PBXVariantGroup section */

/* Begin XCBuildConfiguration section */
		FFAB64A61D42274F00EFD0D8 /* Debug */ = {
			isa = XCBuildConfiguration;
			buildSettings = {
				ALWAYS_SEARCH_USER_PATHS = NO;
				CLANG_ANALYZER_NONNULL = YES;
				CLANG_CXX_LANGUAGE_STANDARD = "gnu++0x";
				CLANG_CXX_LIBRARY = "libc++";
				CLANG_ENABLE_MODULES = YES;
				CLANG_ENABLE_OBJC_ARC = YES;
				CLANG_WARN_BOOL_CONVERSION = YES;
				CLANG_WARN_CONSTANT_CONVERSION = YES;
				CLANG_WARN_DIRECT_OBJC_ISA_USAGE = YES_ERROR;
				CLANG_WARN_DOCUMENTATION_COMMENTS = YES;
				CLANG_WARN_EMPTY_BODY = YES;
				CLANG_WARN_ENUM_CONVERSION = YES;
				CLANG_WARN_INFINITE_RECURSION = YES;
				CLANG_WARN_INT_CONVERSION = YES;
				CLANG_WARN_OBJC_ROOT_CLASS = YES_ERROR;
				CLANG_WARN_SUSPICIOUS_MOVE = YES;
				CLANG_WARN_UNREACHABLE_CODE = YES;
				CLANG_WARN__DUPLICATE_METHOD_MATCH = YES;
				"CODE_SIGN_IDENTITY[sdk=iphoneos*]" = "iPhone Developer";
				COPY_PHASE_STRIP = NO;
				DEBUG_INFORMATION_FORMAT = dwarf;
				ENABLE_STRICT_OBJC_MSGSEND = YES;
				ENABLE_TESTABILITY = YES;
				GCC_C_LANGUAGE_STANDARD = gnu99;
				GCC_DYNAMIC_NO_PIC = NO;
				GCC_NO_COMMON_BLOCKS = YES;
				GCC_OPTIMIZATION_LEVEL = 0;
				GCC_PREPROCESSOR_DEFINITIONS = (
					"DEBUG=1",
					"$(inherited)",
				);
				GCC_WARN_64_TO_32_BIT_CONVERSION = YES;
				GCC_WARN_ABOUT_RETURN_TYPE = YES_ERROR;
				GCC_WARN_UNDECLARED_SELECTOR = YES;
				GCC_WARN_UNINITIALIZED_AUTOS = YES_AGGRESSIVE;
				GCC_WARN_UNUSED_FUNCTION = YES;
				GCC_WARN_UNUSED_VARIABLE = YES;
				IPHONEOS_DEPLOYMENT_TARGET = 10.0;
				MTL_ENABLE_DEBUG_INFO = YES;
				ONLY_ACTIVE_ARCH = YES;
				SDKROOT = iphoneos;
				SWIFT_ACTIVE_COMPILATION_CONDITIONS = DEBUG;
				SWIFT_OPTIMIZATION_LEVEL = "-Onone";
				TARGETED_DEVICE_FAMILY = "1,2";
			};
			name = Debug;
		};
		FFAB64A71D42274F00EFD0D8 /* Release */ = {
			isa = XCBuildConfiguration;
			buildSettings = {
				ALWAYS_SEARCH_USER_PATHS = NO;
				CLANG_ANALYZER_NONNULL = YES;
				CLANG_CXX_LANGUAGE_STANDARD = "gnu++0x";
				CLANG_CXX_LIBRARY = "libc++";
				CLANG_ENABLE_MODULES = YES;
				CLANG_ENABLE_OBJC_ARC = YES;
				CLANG_WARN_BOOL_CONVERSION = YES;
				CLANG_WARN_CONSTANT_CONVERSION = YES;
				CLANG_WARN_DIRECT_OBJC_ISA_USAGE = YES_ERROR;
				CLANG_WARN_DOCUMENTATION_COMMENTS = YES;
				CLANG_WARN_EMPTY_BODY = YES;
				CLANG_WARN_ENUM_CONVERSION = YES;
				CLANG_WARN_INFINITE_RECURSION = YES;
				CLANG_WARN_INT_CONVERSION = YES;
				CLANG_WARN_OBJC_ROOT_CLASS = YES_ERROR;
				CLANG_WARN_SUSPICIOUS_MOVE = YES;
				CLANG_WARN_UNREACHABLE_CODE = YES;
				CLANG_WARN__DUPLICATE_METHOD_MATCH = YES;
				"CODE_SIGN_IDENTITY[sdk=iphoneos*]" = "iPhone Developer";
				COPY_PHASE_STRIP = NO;
				DEBUG_INFORMATION_FORMAT = "dwarf-with-dsym";
				ENABLE_NS_ASSERTIONS = NO;
				ENABLE_STRICT_OBJC_MSGSEND = YES;
				GCC_C_LANGUAGE_STANDARD = gnu99;
				GCC_NO_COMMON_BLOCKS = YES;
				GCC_WARN_64_TO_32_BIT_CONVERSION = YES;
				GCC_WARN_ABOUT_RETURN_TYPE = YES_ERROR;
				GCC_WARN_UNDECLARED_SELECTOR = YES;
				GCC_WARN_UNINITIALIZED_AUTOS = YES_AGGRESSIVE;
				GCC_WARN_UNUSED_FUNCTION = YES;
				GCC_WARN_UNUSED_VARIABLE = YES;
				IPHONEOS_DEPLOYMENT_TARGET = 10.0;
				MTL_ENABLE_DEBUG_INFO = NO;
				SDKROOT = iphoneos;
				SWIFT_OPTIMIZATION_LEVEL = "-Owholemodule";
				TARGETED_DEVICE_FAMILY = "1,2";
				VALIDATE_PRODUCT = YES;
			};
			name = Release;
		};
		FFAB64A91D42274F00EFD0D8 /* Debug */ = {
			isa = XCBuildConfiguration;
			buildSettings = {
				ASSETCATALOG_COMPILER_APPICON_NAME = AppIcon;
				INFOPLIST_FILE = showhide/Info.plist;
				LD_RUNPATH_SEARCH_PATHS = "$(inherited) @executable_path/Frameworks";
				PRODUCT_BUNDLE_IDENTIFIER = com.oshige.showhide;
				PRODUCT_NAME = "$(TARGET_NAME)";
				SWIFT_VERSION = 3.0;
			};
			name = Debug;
		};
		FFAB64AA1D42274F00EFD0D8 /* Release */ = {
			isa = XCBuildConfiguration;
			buildSettings = {
				ASSETCATALOG_COMPILER_APPICON_NAME = AppIcon;
				INFOPLIST_FILE = showhide/Info.plist;
				LD_RUNPATH_SEARCH_PATHS = "$(inherited) @executable_path/Frameworks";
				PRODUCT_BUNDLE_IDENTIFIER = com.oshige.showhide;
				PRODUCT_NAME = "$(TARGET_NAME)";
				SWIFT_VERSION = 3.0;
			};
			name = Release;
		};
/* End XCBuildConfiguration section */

/* Begin XCConfigurationList section */
		FFAB64911D42274F00EFD0D8 /* Build configuration list for PBXProject "showhide" */ = {
			isa = XCConfigurationList;
			buildConfigurations = (
				FFAB64A61D42274F00EFD0D8 /* Debug */,
				FFAB64A71D42274F00EFD0D8 /* Release */,
			);
			defaultConfigurationIsVisible = 0;
			defaultConfigurationName = Release;
		};
		FFAB64A81D42274F00EFD0D8 /* Build configuration list for PBXNativeTarget "showhide" */ = {
			isa = XCConfigurationList;
			buildConfigurations = (
				FFAB64A91D42274F00EFD0D8 /* Debug */,
				FFAB64AA1D42274F00EFD0D8 /* Release */,
			);
			defaultConfigurationIsVisible = 0;
			defaultConfigurationName = Release;
		};
/* End XCConfigurationList section */
	};
	rootObject = FFAB648E1D42274F00EFD0D8 /* Project object */;
}
