// !$*UTF8*$!
{
	archiveVersion = 1;
	classes = {
	};
	objectVersion = 46;
	objects = {

/* Begin PBXBuildFile section */
		0335DBD71E6AE3A200763FDA /* WordTableViewController.swift in Sources */ = {isa = PBXBuildFile; fileRef = 0335DBD61E6AE3A200763FDA /* WordTableViewController.swift */; };
		0335DC151E6D541B00763FDA /* RealmManger.swift in Sources */ = {isa = PBXBuildFile; fileRef = 0335DC141E6D541B00763FDA /* RealmManger.swift */; };
		0335DC1A1E6D5BFC00763FDA /* CustomConst.swift in Sources */ = {isa = PBXBuildFile; fileRef = 0335DC191E6D5BFC00763FDA /* CustomConst.swift */; };
		0335DC3F1E6E9D1E00763FDA /* DataInputViewController.swift in Sources */ = {isa = PBXBuildFile; fileRef = 0335DC3E1E6E9D1E00763FDA /* DataInputViewController.swift */; };
		0335DC411E6EA48100763FDA /* SubDataInputViewController.swift in Sources */ = {isa = PBXBuildFile; fileRef = 0335DC401E6EA48100763FDA /* SubDataInputViewController.swift */; };
		0335DC431E6EB0C100763FDA /* RegistFinishViewController.swift in Sources */ = {isa = PBXBuildFile; fileRef = 0335DC421E6EB0C100763FDA /* RegistFinishViewController.swift */; };
		0335DC451E6F888400763FDA /* DataConfirmViewController.swift in Sources */ = {isa = PBXBuildFile; fileRef = 0335DC441E6F888400763FDA /* DataConfirmViewController.swift */; };
		0335DC471E6F895800763FDA /* InputDataStoryboard.storyboard in Resources */ = {isa = PBXBuildFile; fileRef = 0335DC461E6F895800763FDA /* InputDataStoryboard.storyboard */; };
		033EF27A1E6FA03300973595 /* Util in Resources */ = {isa = PBXBuildFile; fileRef = 033EF2791E6FA03300973595 /* Util */; };
		03F5CB4E1E6927CC009B29FA /* AppDelegate.swift in Sources */ = {isa = PBXBuildFile; fileRef = 03F5CB4D1E6927CC009B29FA /* AppDelegate.swift */; };
		03F5CB501E6927CC009B29FA /* MasterViewController.swift in Sources */ = {isa = PBXBuildFile; fileRef = 03F5CB4F1E6927CC009B29FA /* MasterViewController.swift */; };
		03F5CB521E6927CC009B29FA /* DetailViewController.swift in Sources */ = {isa = PBXBuildFile; fileRef = 03F5CB511E6927CC009B29FA /* DetailViewController.swift */; };
		03F5CB551E6927CC009B29FA /* Main.storyboard in Resources */ = {isa = PBXBuildFile; fileRef = 03F5CB531E6927CC009B29FA /* Main.storyboard */; };
		03F5CB571E6927CC009B29FA /* Assets.xcassets in Resources */ = {isa = PBXBuildFile; fileRef = 03F5CB561E6927CC009B29FA /* Assets.xcassets */; };
		03F5CB5A1E6927CC009B29FA /* LaunchScreen.storyboard in Resources */ = {isa = PBXBuildFile; fileRef = 03F5CB581E6927CC009B29FA /* LaunchScreen.storyboard */; };
		03F5CB651E6927CD009B29FA /* NoteSomethingTests.swift in Sources */ = {isa = PBXBuildFile; fileRef = 03F5CB641E6927CD009B29FA /* NoteSomethingTests.swift */; };
		03F5CB701E6927CD009B29FA /* NoteSomethingUITests.swift in Sources */ = {isa = PBXBuildFile; fileRef = 03F5CB6F1E6927CD009B29FA /* NoteSomethingUITests.swift */; };
		03F5CB7F1E692992009B29FA /* Realm.framework in Frameworks */ = {isa = PBXBuildFile; fileRef = 03F5CB7D1E692992009B29FA /* Realm.framework */; };
		03F5CB801E692992009B29FA /* Realm.framework in Embed Frameworks */ = {isa = PBXBuildFile; fileRef = 03F5CB7D1E692992009B29FA /* Realm.framework */; settings = {ATTRIBUTES = (CodeSignOnCopy, RemoveHeadersOnCopy, ); }; };
		03F5CB811E692992009B29FA /* RealmSwift.framework in Frameworks */ = {isa = PBXBuildFile; fileRef = 03F5CB7E1E692992009B29FA /* RealmSwift.framework */; };
		03F5CB821E692992009B29FA /* RealmSwift.framework in Embed Frameworks */ = {isa = PBXBuildFile; fileRef = 03F5CB7E1E692992009B29FA /* RealmSwift.framework */; settings = {ATTRIBUTES = (CodeSignOnCopy, RemoveHeadersOnCopy, ); }; };
		03F5CB861E693411009B29FA /* DataTableViewCell.swift in Sources */ = {isa = PBXBuildFile; fileRef = 03F5CB851E693411009B29FA /* DataTableViewCell.swift */; };
		03F5CB881E6935F6009B29FA /* CustomDataDef.swift in Sources */ = {isa = PBXBuildFile; fileRef = 03F5CB871E6935F6009B29FA /* CustomDataDef.swift */; };
/* End PBXBuildFile section */

/* Begin PBXContainerItemProxy section */
		03F5CB611E6927CD009B29FA /* PBXContainerItemProxy */ = {
			isa = PBXContainerItemProxy;
			containerPortal = 03F5CB421E6927CC009B29FA /* Project object */;
			proxyType = 1;
			remoteGlobalIDString = 03F5CB491E6927CC009B29FA;
			remoteInfo = NoteSomething;
		};
		03F5CB6C1E6927CD009B29FA /* PBXContainerItemProxy */ = {
			isa = PBXContainerItemProxy;
			containerPortal = 03F5CB421E6927CC009B29FA /* Project object */;
			proxyType = 1;
			remoteGlobalIDString = 03F5CB491E6927CC009B29FA;
			remoteInfo = NoteSomething;
		};
/* End PBXContainerItemProxy section */

/* Begin PBXCopyFilesBuildPhase section */
		03F5CB831E692992009B29FA /* Embed Frameworks */ = {
			isa = PBXCopyFilesBuildPhase;
			buildActionMask = 2147483647;
			dstPath = "";
			dstSubfolderSpec = 10;
			files = (
				03F5CB821E692992009B29FA /* RealmSwift.framework in Embed Frameworks */,
				03F5CB801E692992009B29FA /* Realm.framework in Embed Frameworks */,
			);
			name = "Embed Frameworks";
			runOnlyForDeploymentPostprocessing = 0;
		};
/* End PBXCopyFilesBuildPhase section */

/* Begin PBXFileReference section */
		0335DBD61E6AE3A200763FDA /* WordTableViewController.swift */ = {isa = PBXFileReference; fileEncoding = 4; lastKnownFileType = sourcecode.swift; path = WordTableViewController.swift; sourceTree = "<group>"; };
		0335DC141E6D541B00763FDA /* RealmManger.swift */ = {isa = PBXFileReference; fileEncoding = 4; lastKnownFileType = sourcecode.swift; path = RealmManger.swift; sourceTree = "<group>"; };
		0335DC191E6D5BFC00763FDA /* CustomConst.swift */ = {isa = PBXFileReference; fileEncoding = 4; lastKnownFileType = sourcecode.swift; path = CustomConst.swift; sourceTree = "<group>"; };
		0335DC3E1E6E9D1E00763FDA /* DataInputViewController.swift */ = {isa = PBXFileReference; fileEncoding = 4; lastKnownFileType = sourcecode.swift; path = DataInputViewController.swift; sourceTree = "<group>"; };
		0335DC401E6EA48100763FDA /* SubDataInputViewController.swift */ = {isa = PBXFileReference; fileEncoding = 4; lastKnownFileType = sourcecode.swift; path = SubDataInputViewController.swift; sourceTree = "<group>"; };
		0335DC421E6EB0C100763FDA /* RegistFinishViewController.swift */ = {isa = PBXFileReference; fileEncoding = 4; lastKnownFileType = sourcecode.swift; path = RegistFinishViewController.swift; sourceTree = "<group>"; };
		0335DC441E6F888400763FDA /* DataConfirmViewController.swift */ = {isa = PBXFileReference; fileEncoding = 4; lastKnownFileType = sourcecode.swift; path = DataConfirmViewController.swift; sourceTree = "<group>"; };
		0335DC461E6F895800763FDA /* InputDataStoryboard.storyboard */ = {isa = PBXFileReference; fileEncoding = 4; lastKnownFileType = file.storyboard; path = InputDataStoryboard.storyboard; sourceTree = "<group>"; };
		033EF2791E6FA03300973595 /* Util */ = {isa = PBXFileReference; lastKnownFileType = folder; path = Util; sourceTree = "<group>"; };
		03F5CB4A1E6927CC009B29FA /* NoteSomething.app */ = {isa = PBXFileReference; explicitFileType = wrapper.application; includeInIndex = 0; path = NoteSomething.app; sourceTree = BUILT_PRODUCTS_DIR; };
		03F5CB4D1E6927CC009B29FA /* AppDelegate.swift */ = {isa = PBXFileReference; lastKnownFileType = sourcecode.swift; path = AppDelegate.swift; sourceTree = "<group>"; };
		03F5CB4F1E6927CC009B29FA /* MasterViewController.swift */ = {isa = PBXFileReference; lastKnownFileType = sourcecode.swift; path = MasterViewController.swift; sourceTree = "<group>"; };
		03F5CB511E6927CC009B29FA /* DetailViewController.swift */ = {isa = PBXFileReference; lastKnownFileType = sourcecode.swift; path = DetailViewController.swift; sourceTree = "<group>"; };
		03F5CB541E6927CC009B29FA /* Base */ = {isa = PBXFileReference; lastKnownFileType = file.storyboard; name = Base; path = Base.lproj/Main.storyboard; sourceTree = "<group>"; };
		03F5CB561E6927CC009B29FA /* Assets.xcassets */ = {isa = PBXFileReference; lastKnownFileType = folder.assetcatalog; path = Assets.xcassets; sourceTree = "<group>"; };
		03F5CB591E6927CC009B29FA /* Base */ = {isa = PBXFileReference; lastKnownFileType = file.storyboard; name = Base; path = Base.lproj/LaunchScreen.storyboard; sourceTree = "<group>"; };
		03F5CB5B1E6927CC009B29FA /* Info.plist */ = {isa = PBXFileReference; lastKnownFileType = text.plist.xml; path = Info.plist; sourceTree = "<group>"; };
		03F5CB601E6927CD009B29FA /* NoteSomethingTests.xctest */ = {isa = PBXFileReference; explicitFileType = wrapper.cfbundle; includeInIndex = 0; path = NoteSomethingTests.xctest; sourceTree = BUILT_PRODUCTS_DIR; };
		03F5CB641E6927CD009B29FA /* NoteSomethingTests.swift */ = {isa = PBXFileReference; lastKnownFileType = sourcecode.swift; path = NoteSomethingTests.swift; sourceTree = "<group>"; };
		03F5CB661E6927CD009B29FA /* Info.plist */ = {isa = PBXFileReference; lastKnownFileType = text.plist.xml; path = Info.plist; sourceTree = "<group>"; };
		03F5CB6B1E6927CD009B29FA /* NoteSomethingUITests.xctest */ = {isa = PBXFileReference; explicitFileType = wrapper.cfbundle; includeInIndex = 0; path = NoteSomethingUITests.xctest; sourceTree = BUILT_PRODUCTS_DIR; };
		03F5CB6F1E6927CD009B29FA /* NoteSomethingUITests.swift */ = {isa = PBXFileReference; lastKnownFileType = sourcecode.swift; path = NoteSomethingUITests.swift; sourceTree = "<group>"; };
		03F5CB711E6927CD009B29FA /* Info.plist */ = {isa = PBXFileReference; lastKnownFileType = text.plist.xml; path = Info.plist; sourceTree = "<group>"; };
		03F5CB7D1E692992009B29FA /* Realm.framework */ = {isa = PBXFileReference; lastKnownFileType = wrapper.framework; path = Realm.framework; sourceTree = "<group>"; };
		03F5CB7E1E692992009B29FA /* RealmSwift.framework */ = {isa = PBXFileReference; lastKnownFileType = wrapper.framework; path = RealmSwift.framework; sourceTree = "<group>"; };
		03F5CB851E693411009B29FA /* DataTableViewCell.swift */ = {isa = PBXFileReference; fileEncoding = 4; lastKnownFileType = sourcecode.swift; path = DataTableViewCell.swift; sourceTree = "<group>"; };
		03F5CB871E6935F6009B29FA /* CustomDataDef.swift */ = {isa = PBXFileReference; fileEncoding = 4; lastKnownFileType = sourcecode.swift; path = CustomDataDef.swift; sourceTree = "<group>"; };
/* End PBXFileReference section */

/* Begin PBXFrameworksBuildPhase section */
		03F5CB471E6927CC009B29FA /* Frameworks */ = {
			isa = PBXFrameworksBuildPhase;
			buildActionMask = 2147483647;
			files = (
				03F5CB811E692992009B29FA /* RealmSwift.framework in Frameworks */,
				03F5CB7F1E692992009B29FA /* Realm.framework in Frameworks */,
			);
			runOnlyForDeploymentPostprocessing = 0;
		};
		03F5CB5D1E6927CD009B29FA /* Frameworks */ = {
			isa = PBXFrameworksBuildPhase;
			buildActionMask = 2147483647;
			files = (
			);
			runOnlyForDeploymentPostprocessing = 0;
		};
		03F5CB681E6927CD009B29FA /* Frameworks */ = {
			isa = PBXFrameworksBuildPhase;
			buildActionMask = 2147483647;
			files = (
			);
			runOnlyForDeploymentPostprocessing = 0;
		};
/* End PBXFrameworksBuildPhase section */

/* Begin PBXGroup section */
		0335DC161E6D542A00763FDA /* data */ = {
			isa = PBXGroup;
			children = (
				03F5CB871E6935F6009B29FA /* CustomDataDef.swift */,
				0335DC141E6D541B00763FDA /* RealmManger.swift */,
				0335DC191E6D5BFC00763FDA /* CustomConst.swift */,
			);
			name = data;
			sourceTree = "<group>";
		};
		0335DC171E6D543E00763FDA /* resource */ = {
			isa = PBXGroup;
			children = (
				03F5CB531E6927CC009B29FA /* Main.storyboard */,
				03F5CB561E6927CC009B29FA /* Assets.xcassets */,
				03F5CB581E6927CC009B29FA /* LaunchScreen.storyboard */,
				03F5CB5B1E6927CC009B29FA /* Info.plist */,
				0335DC461E6F895800763FDA /* InputDataStoryboard.storyboard */,
			);
			name = resource;
			sourceTree = "<group>";
		};
		0335DC181E6D545400763FDA /* source */ = {
			isa = PBXGroup;
			children = (
				03F5CB4D1E6927CC009B29FA /* AppDelegate.swift */,
				03F5CB4F1E6927CC009B29FA /* MasterViewController.swift */,
				0335DBD61E6AE3A200763FDA /* WordTableViewController.swift */,
				03F5CB511E6927CC009B29FA /* DetailViewController.swift */,
				03F5CB851E693411009B29FA /* DataTableViewCell.swift */,
				0335DC3E1E6E9D1E00763FDA /* DataInputViewController.swift */,
				0335DC401E6EA48100763FDA /* SubDataInputViewController.swift */,
				0335DC441E6F888400763FDA /* DataConfirmViewController.swift */,
				0335DC421E6EB0C100763FDA /* RegistFinishViewController.swift */,
			);
			name = source;
			sourceTree = "<group>";
		};
		03F5CB411E6927CC009B29FA = {
			isa = PBXGroup;
			children = (
				03F5CB7D1E692992009B29FA /* Realm.framework */,
				03F5CB7E1E692992009B29FA /* RealmSwift.framework */,
				03F5CB4C1E6927CC009B29FA /* NoteSomething */,
				03F5CB631E6927CD009B29FA /* NoteSomethingTests */,
				03F5CB6E1E6927CD009B29FA /* NoteSomethingUITests */,
				03F5CB4B1E6927CC009B29FA /* Products */,
			);
			sourceTree = "<group>";
		};
		03F5CB4B1E6927CC009B29FA /* Products */ = {
			isa = PBXGroup;
			children = (
				03F5CB4A1E6927CC009B29FA /* NoteSomething.app */,
				03F5CB601E6927CD009B29FA /* NoteSomethingTests.xctest */,
				03F5CB6B1E6927CD009B29FA /* NoteSomethingUITests.xctest */,
			);
			name = Products;
			sourceTree = "<group>";
		};
		03F5CB4C1E6927CC009B29FA /* NoteSomething */ = {
			isa = PBXGroup;
			children = (
				033EF2791E6FA03300973595 /* Util */,
				0335DC181E6D545400763FDA /* source */,
				0335DC171E6D543E00763FDA /* resource */,
				0335DC161E6D542A00763FDA /* data */,
			);
			path = NoteSomething;
			sourceTree = "<group>";
		};
		03F5CB631E6927CD009B29FA /* NoteSomethingTests */ = {
			isa = PBXGroup;
			children = (
				03F5CB641E6927CD009B29FA /* NoteSomethingTests.swift */,
				03F5CB661E6927CD009B29FA /* Info.plist */,
			);
			path = NoteSomethingTests;
			sourceTree = "<group>";
		};
		03F5CB6E1E6927CD009B29FA /* NoteSomethingUITests */ = {
			isa = PBXGroup;
			children = (
				03F5CB6F1E6927CD009B29FA /* NoteSomethingUITests.swift */,
				03F5CB711E6927CD009B29FA /* Info.plist */,
			);
			path = NoteSomethingUITests;
			sourceTree = "<group>";
		};
/* End PBXGroup section */

/* Begin PBXNativeTarget section */
		03F5CB491E6927CC009B29FA /* NoteSomething */ = {
			isa = PBXNativeTarget;
			buildConfigurationList = 03F5CB741E6927CD009B29FA /* Build configuration list for PBXNativeTarget "NoteSomething" */;
			buildPhases = (
				03F5CB461E6927CC009B29FA /* Sources */,
				03F5CB471E6927CC009B29FA /* Frameworks */,
				03F5CB481E6927CC009B29FA /* Resources */,
				03F5CB831E692992009B29FA /* Embed Frameworks */,
				03F5CB841E6929D4009B29FA /* ShellScript */,
			);
			buildRules = (
			);
			dependencies = (
			);
			name = NoteSomething;
			productName = NoteSomething;
			productReference = 03F5CB4A1E6927CC009B29FA /* NoteSomething.app */;
			productType = "com.apple.product-type.application";
		};
		03F5CB5F1E6927CD009B29FA /* NoteSomethingTests */ = {
			isa = PBXNativeTarget;
			buildConfigurationList = 03F5CB771E6927CD009B29FA /* Build configuration list for PBXNativeTarget "NoteSomethingTests" */;
			buildPhases = (
				03F5CB5C1E6927CD009B29FA /* Sources */,
				03F5CB5D1E6927CD009B29FA /* Frameworks */,
				03F5CB5E1E6927CD009B29FA /* Resources */,
			);
			buildRules = (
			);
			dependencies = (
				03F5CB621E6927CD009B29FA /* PBXTargetDependency */,
			);
			name = NoteSomethingTests;
			productName = NoteSomethingTests;
			productReference = 03F5CB601E6927CD009B29FA /* NoteSomethingTests.xctest */;
			productType = "com.apple.product-type.bundle.unit-test";
		};
		03F5CB6A1E6927CD009B29FA /* NoteSomethingUITests */ = {
			isa = PBXNativeTarget;
			buildConfigurationList = 03F5CB7A1E6927CD009B29FA /* Build configuration list for PBXNativeTarget "NoteSomethingUITests" */;
			buildPhases = (
				03F5CB671E6927CD009B29FA /* Sources */,
				03F5CB681E6927CD009B29FA /* Frameworks */,
				03F5CB691E6927CD009B29FA /* Resources */,
			);
			buildRules = (
			);
			dependencies = (
				03F5CB6D1E6927CD009B29FA /* PBXTargetDependency */,
			);
			name = NoteSomethingUITests;
			productName = NoteSomethingUITests;
			productReference = 03F5CB6B1E6927CD009B29FA /* NoteSomethingUITests.xctest */;
			productType = "com.apple.product-type.bundle.ui-testing";
		};
/* End PBXNativeTarget section */

/* Begin PBXProject section */
		03F5CB421E6927CC009B29FA /* Project object */ = {
			isa = PBXProject;
			attributes = {
				LastSwiftUpdateCheck = 0820;
				LastUpgradeCheck = 0820;
				ORGANIZATIONNAME = snowman;
				TargetAttributes = {
					03F5CB491E6927CC009B29FA = {
						CreatedOnToolsVersion = 8.2.1;
						DevelopmentTeam = RRN279NX3J;
						ProvisioningStyle = Automatic;
					};
					03F5CB5F1E6927CD009B29FA = {
						CreatedOnToolsVersion = 8.2.1;
						DevelopmentTeam = RRN279NX3J;
						ProvisioningStyle = Automatic;
						TestTargetID = 03F5CB491E6927CC009B29FA;
					};
					03F5CB6A1E6927CD009B29FA = {
						CreatedOnToolsVersion = 8.2.1;
						DevelopmentTeam = RRN279NX3J;
						ProvisioningStyle = Automatic;
						TestTargetID = 03F5CB491E6927CC009B29FA;
					};
				};
			};
			buildConfigurationList = 03F5CB451E6927CC009B29FA /* Build configuration list for PBXProject "NoteSomething" */;
			compatibilityVersion = "Xcode 3.2";
			developmentRegion = English;
			hasScannedForEncodings = 0;
			knownRegions = (
				en,
				Base,
			);
			mainGroup = 03F5CB411E6927CC009B29FA;
			productRefGroup = 03F5CB4B1E6927CC009B29FA /* Products */;
			projectDirPath = "";
			projectRoot = "";
			targets = (
				03F5CB491E6927CC009B29FA /* NoteSomething */,
				03F5CB5F1E6927CD009B29FA /* NoteSomethingTests */,
				03F5CB6A1E6927CD009B29FA /* NoteSomethingUITests */,
			);
		};
/* End PBXProject section */

/* Begin PBXResourcesBuildPhase section */
		03F5CB481E6927CC009B29FA /* Resources */ = {
			isa = PBXResourcesBuildPhase;
			buildActionMask = 2147483647;
			files = (
				0335DC471E6F895800763FDA /* InputDataStoryboard.storyboard in Resources */,
				03F5CB5A1E6927CC009B29FA /* LaunchScreen.storyboard in Resources */,
				03F5CB571E6927CC009B29FA /* Assets.xcassets in Resources */,
				03F5CB551E6927CC009B29FA /* Main.storyboard in Resources */,
				033EF27A1E6FA03300973595 /* Util in Resources */,
			);
			runOnlyForDeploymentPostprocessing = 0;
		};
		03F5CB5E1E6927CD009B29FA /* Resources */ = {
			isa = PBXResourcesBuildPhase;
			buildActionMask = 2147483647;
			files = (
			);
			runOnlyForDeploymentPostprocessing = 0;
		};
		03F5CB691E6927CD009B29FA /* Resources */ = {
			isa = PBXResourcesBuildPhase;
			buildActionMask = 2147483647;
			files = (
			);
			runOnlyForDeploymentPostprocessing = 0;
		};
/* End PBXResourcesBuildPhase section */

/* Begin PBXShellScriptBuildPhase section */
		03F5CB841E6929D4009B29FA /* ShellScript */ = {
			isa = PBXShellScriptBuildPhase;
			buildActionMask = 2147483647;
			files = (
			);
			inputPaths = (
			);
			outputPaths = (
			);
			runOnlyForDeploymentPostprocessing = 0;
			shellPath = /bin/sh;
			shellScript = "bash \"${BUILT_PRODUCTS_DIR}/${FRAMEWORKS_FOLDER_PATH}/Realm.framework/strip-frameworks.sh\"";
		};
/* End PBXShellScriptBuildPhase section */

/* Begin PBXSourcesBuildPhase section */
		03F5CB461E6927CC009B29FA /* Sources */ = {
			isa = PBXSourcesBuildPhase;
			buildActionMask = 2147483647;
			files = (
				03F5CB521E6927CC009B29FA /* DetailViewController.swift in Sources */,
				0335DBD71E6AE3A200763FDA /* WordTableViewController.swift in Sources */,
				03F5CB881E6935F6009B29FA /* CustomDataDef.swift in Sources */,
				0335DC3F1E6E9D1E00763FDA /* DataInputViewController.swift in Sources */,
				0335DC411E6EA48100763FDA /* SubDataInputViewController.swift in Sources */,
				0335DC451E6F888400763FDA /* DataConfirmViewController.swift in Sources */,
				03F5CB861E693411009B29FA /* DataTableViewCell.swift in Sources */,
				0335DC151E6D541B00763FDA /* RealmManger.swift in Sources */,
				03F5CB501E6927CC009B29FA /* MasterViewController.swift in Sources */,
				0335DC431E6EB0C100763FDA /* RegistFinishViewController.swift in Sources */,
				0335DC1A1E6D5BFC00763FDA /* CustomConst.swift in Sources */,
				03F5CB4E1E6927CC009B29FA /* AppDelegate.swift in Sources */,
			);
			runOnlyForDeploymentPostprocessing = 0;
		};
		03F5CB5C1E6927CD009B29FA /* Sources */ = {
			isa = PBXSourcesBuildPhase;
			buildActionMask = 2147483647;
			files = (
				03F5CB651E6927CD009B29FA /* NoteSomethingTests.swift in Sources */,
			);
			runOnlyForDeploymentPostprocessing = 0;
		};
		03F5CB671E6927CD009B29FA /* Sources */ = {
			isa = PBXSourcesBuildPhase;
			buildActionMask = 2147483647;
			files = (
				03F5CB701E6927CD009B29FA /* NoteSomethingUITests.swift in Sources */,
			);
			runOnlyForDeploymentPostprocessing = 0;
		};
/* End PBXSourcesBuildPhase section */

/* Begin PBXTargetDependency section */
		03F5CB621E6927CD009B29FA /* PBXTargetDependency */ = {
			isa = PBXTargetDependency;
			target = 03F5CB491E6927CC009B29FA /* NoteSomething */;
			targetProxy = 03F5CB611E6927CD009B29FA /* PBXContainerItemProxy */;
		};
		03F5CB6D1E6927CD009B29FA /* PBXTargetDependency */ = {
			isa = PBXTargetDependency;
			target = 03F5CB491E6927CC009B29FA /* NoteSomething */;
			targetProxy = 03F5CB6C1E6927CD009B29FA /* PBXContainerItemProxy */;
		};
/* End PBXTargetDependency section */

/* Begin PBXVariantGroup section */
		03F5CB531E6927CC009B29FA /* Main.storyboard */ = {
			isa = PBXVariantGroup;
			children = (
				03F5CB541E6927CC009B29FA /* Base */,
			);
			name = Main.storyboard;
			sourceTree = "<group>";
		};
		03F5CB581E6927CC009B29FA /* LaunchScreen.storyboard */ = {
			isa = PBXVariantGroup;
			children = (
				03F5CB591E6927CC009B29FA /* Base */,
			);
			name = LaunchScreen.storyboard;
			sourceTree = "<group>";
		};
/* End PBXVariantGroup section */

/* Begin XCBuildConfiguration section */
		03F5CB721E6927CD009B29FA /* Debug */ = {
			isa = XCBuildConfiguration;
			buildSettings = {
				ALWAYS_SEARCH_USER_PATHS = NO;
				CLANG_ANALYZER_NONNULL = YES;
				CLANG_CXX_LANGUAGE_STANDARD = "gnu++0x";
				CLANG_CXX_LIBRARY = "libc++";
				CLANG_ENABLE_MODULES = YES;
				CLANG_ENABLE_OBJC_ARC = YES;
				CLANG_WARN_BOOL_CONVERSION = YES;
				CLANG_WARN_CONSTANT_CONVERSION = YES;
				CLANG_WARN_DIRECT_OBJC_ISA_USAGE = YES_ERROR;
				CLANG_WARN_DOCUMENTATION_COMMENTS = YES;
				CLANG_WARN_EMPTY_BODY = YES;
				CLANG_WARN_ENUM_CONVERSION = YES;
				CLANG_WARN_INFINITE_RECURSION = YES;
				CLANG_WARN_INT_CONVERSION = YES;
				CLANG_WARN_OBJC_ROOT_CLASS = YES_ERROR;
				CLANG_WARN_SUSPICIOUS_MOVE = YES;
				CLANG_WARN_UNREACHABLE_CODE = YES;
				CLANG_WARN__DUPLICATE_METHOD_MATCH = YES;
				"CODE_SIGN_IDENTITY[sdk=iphoneos*]" = "iPhone Developer";
				COPY_PHASE_STRIP = NO;
				DEBUG_INFORMATION_FORMAT = dwarf;
				ENABLE_STRICT_OBJC_MSGSEND = YES;
				ENABLE_TESTABILITY = YES;
				GCC_C_LANGUAGE_STANDARD = gnu99;
				GCC_DYNAMIC_NO_PIC = NO;
				GCC_NO_COMMON_BLOCKS = YES;
				GCC_OPTIMIZATION_LEVEL = 0;
				GCC_PREPROCESSOR_DEFINITIONS = (
					"DEBUG=1",
					"$(inherited)",
				);
				GCC_WARN_64_TO_32_BIT_CONVERSION = YES;
				GCC_WARN_ABOUT_RETURN_TYPE = YES_ERROR;
				GCC_WARN_UNDECLARED_SELECTOR = YES;
				GCC_WARN_UNINITIALIZED_AUTOS = YES_AGGRESSIVE;
				GCC_WARN_UNUSED_FUNCTION = YES;
				GCC_WARN_UNUSED_VARIABLE = YES;
				IPHONEOS_DEPLOYMENT_TARGET = 10.2;
				MTL_ENABLE_DEBUG_INFO = YES;
				ONLY_ACTIVE_ARCH = YES;
				SDKROOT = iphoneos;
				SWIFT_ACTIVE_COMPILATION_CONDITIONS = DEBUG;
				SWIFT_OPTIMIZATION_LEVEL = "-Onone";
				TARGETED_DEVICE_FAMILY = "1,2";
			};
			name = Debug;
		};
		03F5CB731E6927CD009B29FA /* Release */ = {
			isa = XCBuildConfiguration;
			buildSettings = {
				ALWAYS_SEARCH_USER_PATHS = NO;
				CLANG_ANALYZER_NONNULL = YES;
				CLANG_CXX_LANGUAGE_STANDARD = "gnu++0x";
				CLANG_CXX_LIBRARY = "libc++";
				CLANG_ENABLE_MODULES = YES;
				CLANG_ENABLE_OBJC_ARC = YES;
				CLANG_WARN_BOOL_CONVERSION = YES;
				CLANG_WARN_CONSTANT_CONVERSION = YES;
				CLANG_WARN_DIRECT_OBJC_ISA_USAGE = YES_ERROR;
				CLANG_WARN_DOCUMENTATION_COMMENTS = YES;
				CLANG_WARN_EMPTY_BODY = YES;
				CLANG_WARN_ENUM_CONVERSION = YES;
				CLANG_WARN_INFINITE_RECURSION = YES;
				CLANG_WARN_INT_CONVERSION = YES;
				CLANG_WARN_OBJC_ROOT_CLASS = YES_ERROR;
				CLANG_WARN_SUSPICIOUS_MOVE = YES;
				CLANG_WARN_UNREACHABLE_CODE = YES;
				CLANG_WARN__DUPLICATE_METHOD_MATCH = YES;
				"CODE_SIGN_IDENTITY[sdk=iphoneos*]" = "iPhone Developer";
				COPY_PHASE_STRIP = NO;
				DEBUG_INFORMATION_FORMAT = "dwarf-with-dsym";
				ENABLE_NS_ASSERTIONS = NO;
				ENABLE_STRICT_OBJC_MSGSEND = YES;
				GCC_C_LANGUAGE_STANDARD = gnu99;
				GCC_NO_COMMON_BLOCKS = YES;
				GCC_WARN_64_TO_32_BIT_CONVERSION = YES;
				GCC_WARN_ABOUT_RETURN_TYPE = YES_ERROR;
				GCC_WARN_UNDECLARED_SELECTOR = YES;
				GCC_WARN_UNINITIALIZED_AUTOS = YES_AGGRESSIVE;
				GCC_WARN_UNUSED_FUNCTION = YES;
				GCC_WARN_UNUSED_VARIABLE = YES;
				IPHONEOS_DEPLOYMENT_TARGET = 10.2;
				MTL_ENABLE_DEBUG_INFO = NO;
				SDKROOT = iphoneos;
				SWIFT_OPTIMIZATION_LEVEL = "-Owholemodule";
				TARGETED_DEVICE_FAMILY = "1,2";
				VALIDATE_PRODUCT = YES;
			};
			name = Release;
		};
		03F5CB751E6927CD009B29FA /* Debug */ = {
			isa = XCBuildConfiguration;
			buildSettings = {
				ASSETCATALOG_COMPILER_APPICON_NAME = AppIcon;
				DEVELOPMENT_TEAM = RRN279NX3J;
				FRAMEWORK_SEARCH_PATHS = (
					"$(inherited)",
					"$(PROJECT_DIR)",
				);
				INFOPLIST_FILE = NoteSomething/Info.plist;
				LD_RUNPATH_SEARCH_PATHS = "$(inherited) @executable_path/Frameworks";
				PRODUCT_BUNDLE_IDENTIFIER = com.futurelinegen.NoteSomething;
				PRODUCT_NAME = "$(TARGET_NAME)";
				SWIFT_VERSION = 3.0;
			};
			name = Debug;
		};
		03F5CB761E6927CD009B29FA /* Release */ = {
			isa = XCBuildConfiguration;
			buildSettings = {
				ASSETCATALOG_COMPILER_APPICON_NAME = AppIcon;
				DEVELOPMENT_TEAM = RRN279NX3J;
				FRAMEWORK_SEARCH_PATHS = (
					"$(inherited)",
					"$(PROJECT_DIR)",
				);
				INFOPLIST_FILE = NoteSomething/Info.plist;
				LD_RUNPATH_SEARCH_PATHS = "$(inherited) @executable_path/Frameworks";
				PRODUCT_BUNDLE_IDENTIFIER = com.futurelinegen.NoteSomething;
				PRODUCT_NAME = "$(TARGET_NAME)";
				SWIFT_VERSION = 3.0;
			};
			name = Release;
		};
		03F5CB781E6927CD009B29FA /* Debug */ = {
			isa = XCBuildConfiguration;
			buildSettings = {
				ALWAYS_EMBED_SWIFT_STANDARD_LIBRARIES = YES;
				BUNDLE_LOADER = "$(TEST_HOST)";
				DEVELOPMENT_TEAM = RRN279NX3J;
				INFOPLIST_FILE = NoteSomethingTests/Info.plist;
				LD_RUNPATH_SEARCH_PATHS = "$(inherited) @executable_path/Frameworks @loader_path/Frameworks";
				PRODUCT_BUNDLE_IDENTIFIER = com.futurelinegen.NoteSomethingTests;
				PRODUCT_NAME = "$(TARGET_NAME)";
				SWIFT_VERSION = 3.0;
				TEST_HOST = "$(BUILT_PRODUCTS_DIR)/NoteSomething.app/NoteSomething";
			};
			name = Debug;
		};
		03F5CB791E6927CD009B29FA /* Release */ = {
			isa = XCBuildConfiguration;
			buildSettings = {
				ALWAYS_EMBED_SWIFT_STANDARD_LIBRARIES = YES;
				BUNDLE_LOADER = "$(TEST_HOST)";
				DEVELOPMENT_TEAM = RRN279NX3J;
				INFOPLIST_FILE = NoteSomethingTests/Info.plist;
				LD_RUNPATH_SEARCH_PATHS = "$(inherited) @executable_path/Frameworks @loader_path/Frameworks";
				PRODUCT_BUNDLE_IDENTIFIER = com.futurelinegen.NoteSomethingTests;
				PRODUCT_NAME = "$(TARGET_NAME)";
				SWIFT_VERSION = 3.0;
				TEST_HOST = "$(BUILT_PRODUCTS_DIR)/NoteSomething.app/NoteSomething";
			};
			name = Release;
		};
		03F5CB7B1E6927CD009B29FA /* Debug */ = {
			isa = XCBuildConfiguration;
			buildSettings = {
				ALWAYS_EMBED_SWIFT_STANDARD_LIBRARIES = YES;
				DEVELOPMENT_TEAM = RRN279NX3J;
				INFOPLIST_FILE = NoteSomethingUITests/Info.plist;
				LD_RUNPATH_SEARCH_PATHS = "$(inherited) @executable_path/Frameworks @loader_path/Frameworks";
				PRODUCT_BUNDLE_IDENTIFIER = com.futurelinegen.NoteSomethingUITests;
				PRODUCT_NAME = "$(TARGET_NAME)";
				SWIFT_VERSION = 3.0;
				TEST_TARGET_NAME = NoteSomething;
			};
			name = Debug;
		};
		03F5CB7C1E6927CD009B29FA /* Release */ = {
			isa = XCBuildConfiguration;
			buildSettings = {
				ALWAYS_EMBED_SWIFT_STANDARD_LIBRARIES = YES;
				DEVELOPMENT_TEAM = RRN279NX3J;
				INFOPLIST_FILE = NoteSomethingUITests/Info.plist;
				LD_RUNPATH_SEARCH_PATHS = "$(inherited) @executable_path/Frameworks @loader_path/Frameworks";
				PRODUCT_BUNDLE_IDENTIFIER = com.futurelinegen.NoteSomethingUITests;
				PRODUCT_NAME = "$(TARGET_NAME)";
				SWIFT_VERSION = 3.0;
				TEST_TARGET_NAME = NoteSomething;
			};
			name = Release;
		};
/* End XCBuildConfiguration section */

/* Begin XCConfigurationList section */
		03F5CB451E6927CC009B29FA /* Build configuration list for PBXProject "NoteSomething" */ = {
			isa = XCConfigurationList;
			buildConfigurations = (
				03F5CB721E6927CD009B29FA /* Debug */,
				03F5CB731E6927CD009B29FA /* Release */,
			);
			defaultConfigurationIsVisible = 0;
			defaultConfigurationName = Release;
		};
		03F5CB741E6927CD009B29FA /* Build configuration list for PBXNativeTarget "NoteSomething" */ = {
			isa = XCConfigurationList;
			buildConfigurations = (
				03F5CB751E6927CD009B29FA /* Debug */,
				03F5CB761E6927CD009B29FA /* Release */,
			);
			defaultConfigurationIsVisible = 0;
			defaultConfigurationName = Release;
		};
		03F5CB771E6927CD009B29FA /* Build configuration list for PBXNativeTarget "NoteSomethingTests" */ = {
			isa = XCConfigurationList;
			buildConfigurations = (
				03F5CB781E6927CD009B29FA /* Debug */,
				03F5CB791E6927CD009B29FA /* Release */,
			);
			defaultConfigurationIsVisible = 0;
			defaultConfigurationName = Release;
		};
		03F5CB7A1E6927CD009B29FA /* Build configuration list for PBXNativeTarget "NoteSomethingUITests" */ = {
			isa = XCConfigurationList;
			buildConfigurations = (
				03F5CB7B1E6927CD009B29FA /* Debug */,
				03F5CB7C1E6927CD009B29FA /* Release */,
			);
			defaultConfigurationIsVisible = 0;
			defaultConfigurationName = Release;
		};
/* End XCConfigurationList section */
	};
	rootObject = 03F5CB421E6927CC009B29FA /* Project object */;
}
