PODS:
  - Alamofire (4.4.0)
  - SwiftyJSON (3.1.4)

DEPENDENCIES:
  - Alamofire (from `https://github.com/Alamofire/Alamofire.git`)
  - SwiftyJSON (from `https://github.com/SwiftyJSON/SwiftyJSON.git`)

EXTERNAL SOURCES:
  Alamofire:
    :git: https://github.com/Alamofire/Alamofire.git
  SwiftyJSON:
    :git: https://github.com/SwiftyJSON/SwiftyJSON.git

CHECKOUT OPTIONS:
  Alamofire:
    :commit: 22d4d74a419917ea122c23006cbc183aea5d84f8
    :git: https://github.com/Alamofire/Alamofire.git
  SwiftyJSON:
    :commit: d932f6498b9acdd286e65ff6691c3dd3518b086e
    :git: https://github.com/SwiftyJSON/SwiftyJSON.git

SPEC CHECKSUMS:
  Alamofire: 4c2bf7fa03c4a626163606de0a417568c270575e
  SwiftyJSON: 05cf0e98a950e2ba343735264f5a96b81e755d00

PODFILE CHECKSUM: e9d5b7a5b1d7eed451974d5dc508571e500caaad

COCOAPODS: 1.2.1
